// !$*UTF8*$!
{
	archiveVersion = 1;
	classes = {
	};
	objectVersion = 46;
	objects = {

/* Begin PBXBuildFile section */
		D1291CDE1B3395CC00F27F1A /* main.m in Sources */ = {isa = PBXBuildFile; fileRef = D1291CDD1B3395CC00F27F1A /* main.m */; };
		D1291CE11B3395CC00F27F1A /* AppDelegate.m in Sources */ = {isa = PBXBuildFile; fileRef = D1291CE01B3395CC00F27F1A /* AppDelegate.m */; };
		D1291CE41B3395CC00F27F1A /* CM_Baseball.xcdatamodeld in Sources */ = {isa = PBXBuildFile; fileRef = D1291CE21B3395CC00F27F1A /* CM_Baseball.xcdatamodeld */; };
		D1291CE71B3395CC00F27F1A /* Start.m in Sources */ = {isa = PBXBuildFile; fileRef = D1291CE61B3395CC00F27F1A /* Start.m */; };
		D1291CEA1B3395CC00F27F1A /* Main.storyboard in Resources */ = {isa = PBXBuildFile; fileRef = D1291CE81B3395CC00F27F1A /* Main.storyboard */; };
		D1291CEC1B3395CC00F27F1A /* Images.xcassets in Resources */ = {isa = PBXBuildFile; fileRef = D1291CEB1B3395CC00F27F1A /* Images.xcassets */; };
		D1291CEF1B3395CC00F27F1A /* LaunchScreen.xib in Resources */ = {isa = PBXBuildFile; fileRef = D1291CED1B3395CC00F27F1A /* LaunchScreen.xib */; };
		D1291CFB1B3395CC00F27F1A /* CM_BaseballTests.m in Sources */ = {isa = PBXBuildFile; fileRef = D1291CFA1B3395CC00F27F1A /* CM_BaseballTests.m */; };
		D1291D071B33965F00F27F1A /* Declarations.m in Sources */ = {isa = PBXBuildFile; fileRef = D1291D061B33965F00F27F1A /* Declarations.m */; };
		D1291D0C1B3397DF00F27F1A /* Intro.m in Sources */ = {isa = PBXBuildFile; fileRef = D1291D0B1B3397DF00F27F1A /* Intro.m */; };
		D1291D111B33A6F400F27F1A /* intro_01.png in Resources */ = {isa = PBXBuildFile; fileRef = D1291D0E1B33A6F400F27F1A /* intro_01.png */; };
		D1291D121B33A6F400F27F1A /* intro_02.png in Resources */ = {isa = PBXBuildFile; fileRef = D1291D0F1B33A6F400F27F1A /* intro_02.png */; };
		D1291D131B33A6F400F27F1A /* intro_03.png in Resources */ = {isa = PBXBuildFile; fileRef = D1291D101B33A6F400F27F1A /* intro_03.png */; };
		D1291D161B33AA6400F27F1A /* Home.m in Sources */ = {isa = PBXBuildFile; fileRef = D1291D151B33AA6400F27F1A /* Home.m */; };
		D1291D181B33AB1300F27F1A /* bckg_01.jpg in Resources */ = {isa = PBXBuildFile; fileRef = D1291D171B33AB1300F27F1A /* bckg_01.jpg */; };
		D1291D1A1B33AB9100F27F1A /* bckg_02.jpg in Resources */ = {isa = PBXBuildFile; fileRef = D1291D191B33AB9100F27F1A /* bckg_02.jpg */; };
/* End PBXBuildFile section */

/* Begin PBXContainerItemProxy section */
		D1291CF51B3395CC00F27F1A /* PBXContainerItemProxy */ = {
			isa = PBXContainerItemProxy;
			containerPortal = D1291CD01B3395CC00F27F1A /* Project object */;
			proxyType = 1;
			remoteGlobalIDString = D1291CD71B3395CC00F27F1A;
			remoteInfo = "CM-Baseball";
		};
/* End PBXContainerItemProxy section */

/* Begin PBXFileReference section */
		D1291CD81B3395CC00F27F1A /* CM-Baseball.app */ = {isa = PBXFileReference; explicitFileType = wrapper.application; includeInIndex = 0; path = "CM-Baseball.app"; sourceTree = BUILT_PRODUCTS_DIR; };
		D1291CDC1B3395CC00F27F1A /* Info.plist */ = {isa = PBXFileReference; lastKnownFileType = text.plist.xml; path = Info.plist; sourceTree = "<group>"; };
		D1291CDD1B3395CC00F27F1A /* main.m */ = {isa = PBXFileReference; lastKnownFileType = sourcecode.c.objc; path = main.m; sourceTree = "<group>"; };
		D1291CDF1B3395CC00F27F1A /* AppDelegate.h */ = {isa = PBXFileReference; lastKnownFileType = sourcecode.c.h; path = AppDelegate.h; sourceTree = "<group>"; };
		D1291CE01B3395CC00F27F1A /* AppDelegate.m */ = {isa = PBXFileReference; lastKnownFileType = sourcecode.c.objc; path = AppDelegate.m; sourceTree = "<group>"; };
		D1291CE31B3395CC00F27F1A /* CM_Baseball.xcdatamodel */ = {isa = PBXFileReference; lastKnownFileType = wrapper.xcdatamodel; path = CM_Baseball.xcdatamodel; sourceTree = "<group>"; };
		D1291CE51B3395CC00F27F1A /* Start.h */ = {isa = PBXFileReference; lastKnownFileType = sourcecode.c.h; path = Start.h; sourceTree = "<group>"; };
		D1291CE61B3395CC00F27F1A /* Start.m */ = {isa = PBXFileReference; lastKnownFileType = sourcecode.c.objc; path = Start.m; sourceTree = "<group>"; };
		D1291CE91B3395CC00F27F1A /* Base */ = {isa = PBXFileReference; lastKnownFileType = file.storyboard; name = Base; path = Base.lproj/Main.storyboard; sourceTree = "<group>"; };
		D1291CEB1B3395CC00F27F1A /* Images.xcassets */ = {isa = PBXFileReference; lastKnownFileType = folder.assetcatalog; path = Images.xcassets; sourceTree = "<group>"; };
		D1291CEE1B3395CC00F27F1A /* Base */ = {isa = PBXFileReference; lastKnownFileType = file.xib; name = Base; path = Base.lproj/LaunchScreen.xib; sourceTree = "<group>"; };
		D1291CF41B3395CC00F27F1A /* CM-BaseballTests.xctest */ = {isa = PBXFileReference; explicitFileType = wrapper.cfbundle; includeInIndex = 0; path = "CM-BaseballTests.xctest"; sourceTree = BUILT_PRODUCTS_DIR; };
		D1291CF91B3395CC00F27F1A /* Info.plist */ = {isa = PBXFileReference; lastKnownFileType = text.plist.xml; path = Info.plist; sourceTree = "<group>"; };
		D1291CFA1B3395CC00F27F1A /* CM_BaseballTests.m */ = {isa = PBXFileReference; lastKnownFileType = sourcecode.c.objc; path = CM_BaseballTests.m; sourceTree = "<group>"; };
		D1291D051B33965F00F27F1A /* Declarations.h */ = {isa = PBXFileReference; fileEncoding = 4; lastKnownFileType = sourcecode.c.h; path = Declarations.h; sourceTree = "<group>"; };
		D1291D061B33965F00F27F1A /* Declarations.m */ = {isa = PBXFileReference; fileEncoding = 4; lastKnownFileType = sourcecode.c.objc; path = Declarations.m; sourceTree = "<group>"; };
		D1291D0A1B3397DF00F27F1A /* Intro.h */ = {isa = PBXFileReference; fileEncoding = 4; lastKnownFileType = sourcecode.c.h; path = Intro.h; sourceTree = "<group>"; };
		D1291D0B1B3397DF00F27F1A /* Intro.m */ = {isa = PBXFileReference; fileEncoding = 4; lastKnownFileType = sourcecode.c.objc; path = Intro.m; sourceTree = "<group>"; };
		D1291D0E1B33A6F400F27F1A /* intro_01.png */ = {isa = PBXFileReference; lastKnownFileType = image.png; path = intro_01.png; sourceTree = "<group>"; };
		D1291D0F1B33A6F400F27F1A /* intro_02.png */ = {isa = PBXFileReference; lastKnownFileType = image.png; path = intro_02.png; sourceTree = "<group>"; };
		D1291D101B33A6F400F27F1A /* intro_03.png */ = {isa = PBXFileReference; lastKnownFileType = image.png; path = intro_03.png; sourceTree = "<group>"; };
		D1291D141B33AA6400F27F1A /* Home.h */ = {isa = PBXFileReference; fileEncoding = 4; lastKnownFileType = sourcecode.c.h; path = Home.h; sourceTree = "<group>"; };
		D1291D151B33AA6400F27F1A /* Home.m */ = {isa = PBXFileReference; fileEncoding = 4; lastKnownFileType = sourcecode.c.objc; path = Home.m; sourceTree = "<group>"; };
		D1291D171B33AB1300F27F1A /* bckg_01.jpg */ = {isa = PBXFileReference; lastKnownFileType = image.jpeg; path = bckg_01.jpg; sourceTree = "<group>"; };
		D1291D191B33AB9100F27F1A /* bckg_02.jpg */ = {isa = PBXFileReference; lastKnownFileType = image.jpeg; path = bckg_02.jpg; sourceTree = "<group>"; };
/* End PBXFileReference section */

/* Begin PBXFrameworksBuildPhase section */
		D1291CD51B3395CC00F27F1A /* Frameworks */ = {
			isa = PBXFrameworksBuildPhase;
			buildActionMask = 2147483647;
			files = (
			);
			runOnlyForDeploymentPostprocessing = 0;
		};
		D1291CF11B3395CC00F27F1A /* Frameworks */ = {
			isa = PBXFrameworksBuildPhase;
			buildActionMask = 2147483647;
			files = (
			);
			runOnlyForDeploymentPostprocessing = 0;
		};
/* End PBXFrameworksBuildPhase section */

/* Begin PBXGroup section */
		D1291CCF1B3395CC00F27F1A = {
			isa = PBXGroup;
			children = (
				D1291D0D1B33A6F400F27F1A /* imgs */,
				D1291CDA1B3395CC00F27F1A /* CM-Baseball */,
				D1291CF71B3395CC00F27F1A /* CM-BaseballTests */,
				D1291CD91B3395CC00F27F1A /* Products */,
			);
			sourceTree = "<group>";
		};
		D1291CD91B3395CC00F27F1A /* Products */ = {
			isa = PBXGroup;
			children = (
				D1291CD81B3395CC00F27F1A /* CM-Baseball.app */,
				D1291CF41B3395CC00F27F1A /* CM-BaseballTests.xctest */,
			);
			name = Products;
			sourceTree = "<group>";
		};
		D1291CDA1B3395CC00F27F1A /* CM-Baseball */ = {
			isa = PBXGroup;
			children = (
				D1291D041B33963600F27F1A /* Main */,
				D1291D081B33966600F27F1A /* Controllers */,
				D1291D091B33967600F27F1A /* Cells */,
				D1291CE81B3395CC00F27F1A /* Main.storyboard */,
				D1291CEB1B3395CC00F27F1A /* Images.xcassets */,
				D1291CED1B3395CC00F27F1A /* LaunchScreen.xib */,
				D1291CE21B3395CC00F27F1A /* CM_Baseball.xcdatamodeld */,
				D1291CDB1B3395CC00F27F1A /* Supporting Files */,
			);
			path = "CM-Baseball";
			sourceTree = "<group>";
		};
		D1291CDB1B3395CC00F27F1A /* Supporting Files */ = {
			isa = PBXGroup;
			children = (
				D1291CDC1B3395CC00F27F1A /* Info.plist */,
				D1291CDD1B3395CC00F27F1A /* main.m */,
			);
			name = "Supporting Files";
			sourceTree = "<group>";
		};
		D1291CF71B3395CC00F27F1A /* CM-BaseballTests */ = {
			isa = PBXGroup;
			children = (
				D1291CFA1B3395CC00F27F1A /* CM_BaseballTests.m */,
				D1291CF81B3395CC00F27F1A /* Supporting Files */,
			);
			path = "CM-BaseballTests";
			sourceTree = "<group>";
		};
		D1291CF81B3395CC00F27F1A /* Supporting Files */ = {
			isa = PBXGroup;
			children = (
				D1291CF91B3395CC00F27F1A /* Info.plist */,
			);
			name = "Supporting Files";
			sourceTree = "<group>";
		};
		D1291D041B33963600F27F1A /* Main */ = {
			isa = PBXGroup;
			children = (
				D1291CDF1B3395CC00F27F1A /* AppDelegate.h */,
				D1291CE01B3395CC00F27F1A /* AppDelegate.m */,
				D1291D051B33965F00F27F1A /* Declarations.h */,
				D1291D061B33965F00F27F1A /* Declarations.m */,
			);
			name = Main;
			sourceTree = "<group>";
		};
		D1291D081B33966600F27F1A /* Controllers */ = {
			isa = PBXGroup;
			children = (
				D1291CE51B3395CC00F27F1A /* Start.h */,
				D1291CE61B3395CC00F27F1A /* Start.m */,
				D1291D0A1B3397DF00F27F1A /* Intro.h */,
				D1291D0B1B3397DF00F27F1A /* Intro.m */,
				D1291D141B33AA6400F27F1A /* Home.h */,
				D1291D151B33AA6400F27F1A /* Home.m */,
			);
			name = Controllers;
			sourceTree = "<group>";
		};
		D1291D091B33967600F27F1A /* Cells */ = {
			isa = PBXGroup;
			children = (
			);
			name = Cells;
			sourceTree = "<group>";
		};
		D1291D0D1B33A6F400F27F1A /* imgs */ = {
			isa = PBXGroup;
			children = (
				D1291D191B33AB9100F27F1A /* bckg_02.jpg */,
				D1291D171B33AB1300F27F1A /* bckg_01.jpg */,
				D1291D0E1B33A6F400F27F1A /* intro_01.png */,
				D1291D0F1B33A6F400F27F1A /* intro_02.png */,
				D1291D101B33A6F400F27F1A /* intro_03.png */,
			);
			name = imgs;
			path = "CM-Baseball/imgs";
			sourceTree = "<group>";
		};
/* End PBXGroup section */

/* Begin PBXNativeTarget section */
		D1291CD71B3395CC00F27F1A /* CM-Baseball */ = {
			isa = PBXNativeTarget;
			buildConfigurationList = D1291CFE1B3395CC00F27F1A /* Build configuration list for PBXNativeTarget "CM-Baseball" */;
			buildPhases = (
				D1291CD41B3395CC00F27F1A /* Sources */,
				D1291CD51B3395CC00F27F1A /* Frameworks */,
				D1291CD61B3395CC00F27F1A /* Resources */,
			);
			buildRules = (
			);
			dependencies = (
			);
			name = "CM-Baseball";
			productName = "CM-Baseball";
			productReference = D1291CD81B3395CC00F27F1A /* CM-Baseball.app */;
			productType = "com.apple.product-type.application";
		};
		D1291CF31B3395CC00F27F1A /* CM-BaseballTests */ = {
			isa = PBXNativeTarget;
			buildConfigurationList = D1291D011B3395CC00F27F1A /* Build configuration list for PBXNativeTarget "CM-BaseballTests" */;
			buildPhases = (
				D1291CF01B3395CC00F27F1A /* Sources */,
				D1291CF11B3395CC00F27F1A /* Frameworks */,
				D1291CF21B3395CC00F27F1A /* Resources */,
			);
			buildRules = (
			);
			dependencies = (
				D1291CF61B3395CC00F27F1A /* PBXTargetDependency */,
			);
			name = "CM-BaseballTests";
			productName = "CM-BaseballTests";
			productReference = D1291CF41B3395CC00F27F1A /* CM-BaseballTests.xctest */;
			productType = "com.apple.product-type.bundle.unit-test";
		};
/* End PBXNativeTarget section */

/* Begin PBXProject section */
		D1291CD01B3395CC00F27F1A /* Project object */ = {
			isa = PBXProject;
			attributes = {
				LastUpgradeCheck = 0630;
				ORGANIZATIONNAME = Smartplace;
				TargetAttributes = {
					D1291CD71B3395CC00F27F1A = {
						CreatedOnToolsVersion = 6.3.1;
					};
					D1291CF31B3395CC00F27F1A = {
						CreatedOnToolsVersion = 6.3.1;
						TestTargetID = D1291CD71B3395CC00F27F1A;
					};
				};
			};
			buildConfigurationList = D1291CD31B3395CC00F27F1A /* Build configuration list for PBXProject "CM-Baseball" */;
			compatibilityVersion = "Xcode 3.2";
			developmentRegion = English;
			hasScannedForEncodings = 0;
			knownRegions = (
				en,
				Base,
			);
			mainGroup = D1291CCF1B3395CC00F27F1A;
			productRefGroup = D1291CD91B3395CC00F27F1A /* Products */;
			projectDirPath = "";
			projectRoot = "";
			targets = (
				D1291CD71B3395CC00F27F1A /* CM-Baseball */,
				D1291CF31B3395CC00F27F1A /* CM-BaseballTests */,
			);
		};
/* End PBXProject section */

/* Begin PBXResourcesBuildPhase section */
		D1291CD61B3395CC00F27F1A /* Resources */ = {
			isa = PBXResourcesBuildPhase;
			buildActionMask = 2147483647;
			files = (
				D1291CEA1B3395CC00F27F1A /* Main.storyboard in Resources */,
				D1291D181B33AB1300F27F1A /* bckg_01.jpg in Resources */,
				D1291D1A1B33AB9100F27F1A /* bckg_02.jpg in Resources */,
				D1291CEF1B3395CC00F27F1A /* LaunchScreen.xib in Resources */,
				D1291CEC1B3395CC00F27F1A /* Images.xcassets in Resources */,
				D1291D131B33A6F400F27F1A /* intro_03.png in Resources */,
				D1291D121B33A6F400F27F1A /* intro_02.png in Resources */,
				D1291D111B33A6F400F27F1A /* intro_01.png in Resources */,
			);
			runOnlyForDeploymentPostprocessing = 0;
		};
		D1291CF21B3395CC00F27F1A /* Resources */ = {
			isa = PBXResourcesBuildPhase;
			buildActionMask = 2147483647;
			files = (
			);
			runOnlyForDeploymentPostprocessing = 0;
		};
/* End PBXResourcesBuildPhase section */

/* Begin PBXSourcesBuildPhase section */
		D1291CD41B3395CC00F27F1A /* Sources */ = {
			isa = PBXSourcesBuildPhase;
			buildActionMask = 2147483647;
			files = (
				D1291D0C1B3397DF00F27F1A /* Intro.m in Sources */,
				D1291CE41B3395CC00F27F1A /* CM_Baseball.xcdatamodeld in Sources */,
				D1291CE11B3395CC00F27F1A /* AppDelegate.m in Sources */,
				D1291CE71B3395CC00F27F1A /* Start.m in Sources */,
				D1291D161B33AA6400F27F1A /* Home.m in Sources */,
				D1291CDE1B3395CC00F27F1A /* main.m in Sources */,
				D1291D071B33965F00F27F1A /* Declarations.m in Sources */,
			);
			runOnlyForDeploymentPostprocessing = 0;
		};
		D1291CF01B3395CC00F27F1A /* Sources */ = {
			isa = PBXSourcesBuildPhase;
			buildActionMask = 2147483647;
			files = (
				D1291CFB1B3395CC00F27F1A /* CM_BaseballTests.m in Sources */,
			);
			runOnlyForDeploymentPostprocessing = 0;
		};
/* End PBXSourcesBuildPhase section */

/* Begin PBXTargetDependency section */
		D1291CF61B3395CC00F27F1A /* PBXTargetDependency */ = {
			isa = PBXTargetDependency;
			target = D1291CD71B3395CC00F27F1A /* CM-Baseball */;
			targetProxy = D1291CF51B3395CC00F27F1A /* PBXContainerItemProxy */;
		};
/* End PBXTargetDependency section */

/* Begin PBXVariantGroup section */
		D1291CE81B3395CC00F27F1A /* Main.storyboard */ = {
			isa = PBXVariantGroup;
			children = (
				D1291CE91B3395CC00F27F1A /* Base */,
			);
			name = Main.storyboard;
			sourceTree = "<group>";
		};
		D1291CED1B3395CC00F27F1A /* LaunchScreen.xib */ = {
			isa = PBXVariantGroup;
			children = (
				D1291CEE1B3395CC00F27F1A /* Base */,
			);
			name = LaunchScreen.xib;
			sourceTree = "<group>";
		};
/* End PBXVariantGroup section */

/* Begin XCBuildConfiguration section */
		D1291CFC1B3395CC00F27F1A /* Debug */ = {
			isa = XCBuildConfiguration;
			buildSettings = {
				ALWAYS_SEARCH_USER_PATHS = NO;
				CLANG_CXX_LANGUAGE_STANDARD = "gnu++0x";
				CLANG_CXX_LIBRARY = "libc++";
				CLANG_ENABLE_MODULES = YES;
				CLANG_ENABLE_OBJC_ARC = YES;
				CLANG_WARN_BOOL_CONVERSION = YES;
				CLANG_WARN_CONSTANT_CONVERSION = YES;
				CLANG_WARN_DIRECT_OBJC_ISA_USAGE = YES_ERROR;
				CLANG_WARN_EMPTY_BODY = YES;
				CLANG_WARN_ENUM_CONVERSION = YES;
				CLANG_WARN_INT_CONVERSION = YES;
				CLANG_WARN_OBJC_ROOT_CLASS = YES_ERROR;
				CLANG_WARN_UNREACHABLE_CODE = YES;
				CLANG_WARN__DUPLICATE_METHOD_MATCH = YES;
				"CODE_SIGN_IDENTITY[sdk=iphoneos*]" = "iPhone Developer";
				COPY_PHASE_STRIP = NO;
				DEBUG_INFORMATION_FORMAT = "dwarf-with-dsym";
				ENABLE_STRICT_OBJC_MSGSEND = YES;
				GCC_C_LANGUAGE_STANDARD = gnu99;
				GCC_DYNAMIC_NO_PIC = NO;
				GCC_NO_COMMON_BLOCKS = YES;
				GCC_OPTIMIZATION_LEVEL = 0;
				GCC_PREPROCESSOR_DEFINITIONS = (
					"DEBUG=1",
					"$(inherited)",
				);
				GCC_SYMBOLS_PRIVATE_EXTERN = NO;
				GCC_WARN_64_TO_32_BIT_CONVERSION = YES;
				GCC_WARN_ABOUT_RETURN_TYPE = YES_ERROR;
				GCC_WARN_UNDECLARED_SELECTOR = YES;
				GCC_WARN_UNINITIALIZED_AUTOS = YES_AGGRESSIVE;
				GCC_WARN_UNUSED_FUNCTION = YES;
				GCC_WARN_UNUSED_VARIABLE = YES;
				IPHONEOS_DEPLOYMENT_TARGET = 8.3;
				MTL_ENABLE_DEBUG_INFO = YES;
				ONLY_ACTIVE_ARCH = YES;
				SDKROOT = iphoneos;
			};
			name = Debug;
		};
		D1291CFD1B3395CC00F27F1A /* Release */ = {
			isa = XCBuildConfiguration;
			buildSettings = {
				ALWAYS_SEARCH_USER_PATHS = NO;
				CLANG_CXX_LANGUAGE_STANDARD = "gnu++0x";
				CLANG_CXX_LIBRARY = "libc++";
				CLANG_ENABLE_MODULES = YES;
				CLANG_ENABLE_OBJC_ARC = YES;
				CLANG_WARN_BOOL_CONVERSION = YES;
				CLANG_WARN_CONSTANT_CONVERSION = YES;
				CLANG_WARN_DIRECT_OBJC_ISA_USAGE = YES_ERROR;
				CLANG_WARN_EMPTY_BODY = YES;
				CLANG_WARN_ENUM_CONVERSION = YES;
				CLANG_WARN_INT_CONVERSION = YES;
				CLANG_WARN_OBJC_ROOT_CLASS = YES_ERROR;
				CLANG_WARN_UNREACHABLE_CODE = YES;
				CLANG_WARN__DUPLICATE_METHOD_MATCH = YES;
				"CODE_SIGN_IDENTITY[sdk=iphoneos*]" = "iPhone Developer";
				COPY_PHASE_STRIP = NO;
				DEBUG_INFORMATION_FORMAT = "dwarf-with-dsym";
				ENABLE_NS_ASSERTIONS = NO;
				ENABLE_STRICT_OBJC_MSGSEND = YES;
				GCC_C_LANGUAGE_STANDARD = gnu99;
				GCC_NO_COMMON_BLOCKS = YES;
				GCC_WARN_64_TO_32_BIT_CONVERSION = YES;
				GCC_WARN_ABOUT_RETURN_TYPE = YES_ERROR;
				GCC_WARN_UNDECLARED_SELECTOR = YES;
				GCC_WARN_UNINITIALIZED_AUTOS = YES_AGGRESSIVE;
				GCC_WARN_UNUSED_FUNCTION = YES;
				GCC_WARN_UNUSED_VARIABLE = YES;
				IPHONEOS_DEPLOYMENT_TARGET = 8.3;
				MTL_ENABLE_DEBUG_INFO = NO;
				SDKROOT = iphoneos;
				VALIDATE_PRODUCT = YES;
			};
			name = Release;
		};
		D1291CFF1B3395CC00F27F1A /* Debug */ = {
			isa = XCBuildConfiguration;
			buildSettings = {
				ASSETCATALOG_COMPILER_APPICON_NAME = AppIcon;
				INFOPLIST_FILE = "CM-Baseball/Info.plist";
				LD_RUNPATH_SEARCH_PATHS = "$(inherited) @executable_path/Frameworks";
				PRODUCT_NAME = "$(TARGET_NAME)";
			};
			name = Debug;
		};
		D1291D001B3395CC00F27F1A /* Release */ = {
			isa = XCBuildConfiguration;
			buildSettings = {
				ASSETCATALOG_COMPILER_APPICON_NAME = AppIcon;
				INFOPLIST_FILE = "CM-Baseball/Info.plist";
				LD_RUNPATH_SEARCH_PATHS = "$(inherited) @executable_path/Frameworks";
				PRODUCT_NAME = "$(TARGET_NAME)";
			};
			name = Release;
		};
		D1291D021B3395CC00F27F1A /* Debug */ = {
			isa = XCBuildConfiguration;
			buildSettings = {
				BUNDLE_LOADER = "$(TEST_HOST)";
				FRAMEWORK_SEARCH_PATHS = (
					"$(SDKROOT)/Developer/Library/Frameworks",
					"$(inherited)",
				);
				GCC_PREPROCESSOR_DEFINITIONS = (
					"DEBUG=1",
					"$(inherited)",
				);
				INFOPLIST_FILE = "CM-BaseballTests/Info.plist";
				LD_RUNPATH_SEARCH_PATHS = "$(inherited) @executable_path/Frameworks @loader_path/Frameworks";
				PRODUCT_NAME = "$(TARGET_NAME)";
				TEST_HOST = "$(BUILT_PRODUCTS_DIR)/CM-Baseball.app/CM-Baseball";
			};
			name = Debug;
		};
		D1291D031B3395CC00F27F1A /* Release */ = {
			isa = XCBuildConfiguration;
			buildSettings = {
				BUNDLE_LOADER = "$(TEST_HOST)";
				FRAMEWORK_SEARCH_PATHS = (
					"$(SDKROOT)/Developer/Library/Frameworks",
					"$(inherited)",
				);
				INFOPLIST_FILE = "CM-BaseballTests/Info.plist";
				LD_RUNPATH_SEARCH_PATHS = "$(inherited) @executable_path/Frameworks @loader_path/Frameworks";
				PRODUCT_NAME = "$(TARGET_NAME)";
				TEST_HOST = "$(BUILT_PRODUCTS_DIR)/CM-Baseball.app/CM-Baseball";
			};
			name = Release;
		};
/* End XCBuildConfiguration section */

/* Begin XCConfigurationList section */
		D1291CD31B3395CC00F27F1A /* Build configuration list for PBXProject "CM-Baseball" */ = {
			isa = XCConfigurationList;
			buildConfigurations = (
				D1291CFC1B3395CC00F27F1A /* Debug */,
				D1291CFD1B3395CC00F27F1A /* Release */,
			);
			defaultConfigurationIsVisible = 0;
			defaultConfigurationName = Release;
		};
		D1291CFE1B3395CC00F27F1A /* Build configuration list for PBXNativeTarget "CM-Baseball" */ = {
			isa = XCConfigurationList;
			buildConfigurations = (
				D1291CFF1B3395CC00F27F1A /* Debug */,
				D1291D001B3395CC00F27F1A /* Release */,
			);
			defaultConfigurationIsVisible = 0;
		};
		D1291D011B3395CC00F27F1A /* Build configuration list for PBXNativeTarget "CM-BaseballTests" */ = {
			isa = XCConfigurationList;
			buildConfigurations = (
				D1291D021B3395CC00F27F1A /* Debug */,
				D1291D031B3395CC00F27F1A /* Release */,
			);
			defaultConfigurationIsVisible = 0;
		};
/* End XCConfigurationList section */

/* Begin XCVersionGroup section */
		D1291CE21B3395CC00F27F1A /* CM_Baseball.xcdatamodeld */ = {
			isa = XCVersionGroup;
			children = (
				D1291CE31B3395CC00F27F1A /* CM_Baseball.xcdatamodel */,
			);
			currentVersion = D1291CE31B3395CC00F27F1A /* CM_Baseball.xcdatamodel */;
			path = CM_Baseball.xcdatamodeld;
			sourceTree = "<group>";
			versionGroupType = wrapper.xcdatamodel;
		};
/* End XCVersionGroup section */
	};
	rootObject = D1291CD01B3395CC00F27F1A /* Project object */;
}
